
Microsoft Visual Studio Solution File, Format Version 12.00
# Visual Studio Version 17
VisualStudioVersion = 17.2.32602.215
MinimumVisualStudioVersion = 10.0.40219.1
Project("{FAE04EC0-301F-11D3-BF4B-00C04F79EFBC}") = "DependencyInjectionDemo", "DependencyInjectionDemo\DependencyInjectionDemo.csproj", "{147D3755-5CD8-4265-92CC-117F0B42368B}"
EndProject
Global
	GlobalSection(SolutionConfigurationPlatforms) = preSolution
		Debug|Any CPU = Debug|Any CPU
		Release|Any CPU = Release|Any CPU
	EndGlobalSection
	GlobalSection(ProjectConfigurationPlatforms) = postSolution
		{147D3755-5CD8-4265-92CC-117F0B42368B}.Debug|Any CPU.ActiveCfg = Debug|Any CPU
		{147D3755-5CD8-4265-92CC-117F0B42368B}.Debug|Any CPU.Build.0 = Debug|Any CPU
		{147D3755-5CD8-4265-92CC-117F0B42368B}.Release|Any CPU.ActiveCfg = Release|Any CPU
		{147D3755-5CD8-4265-92CC-117F0B42368B}.Release|Any CPU.Build.0 = Release|Any CPU
	EndGlobalSection
	GlobalSection(SolutionProperties) = preSolution
		HideSolutionNode = FALSE
	EndGlobalSection
	GlobalSection(ExtensibilityGlobals) = postSolution
		SolutionGuid = {9AC43ABD-39EA-4693-8D5A-1598421CA22E}
	EndGlobalSection
EndGlobal
